// !$*UTF8*$!
{
	archiveVersion = 1;
	classes = {
	};
	objectVersion = 50;
	objects = {

/* Begin PBXBuildFile section */
		80FBB8EC22C134D900184B7B /* AppDelegate.swift in Sources */ = {isa = PBXBuildFile; fileRef = 80FBB8EB22C134D900184B7B /* AppDelegate.swift */; };
		80FBB8EE22C134D900184B7B /* SceneDelegate.swift in Sources */ = {isa = PBXBuildFile; fileRef = 80FBB8ED22C134D900184B7B /* SceneDelegate.swift */; };
		80FBB8F022C134D900184B7B /* ContentView.swift in Sources */ = {isa = PBXBuildFile; fileRef = 80FBB8EF22C134D900184B7B /* ContentView.swift */; };
		80FBB8F222C134DE00184B7B /* Assets.xcassets in Resources */ = {isa = PBXBuildFile; fileRef = 80FBB8F122C134DE00184B7B /* Assets.xcassets */; };
		80FBB8F522C134DE00184B7B /* Preview Assets.xcassets in Resources */ = {isa = PBXBuildFile; fileRef = 80FBB8F422C134DE00184B7B /* Preview Assets.xcassets */; };
		80FBB8F822C134DE00184B7B /* LaunchScreen.storyboard in Resources */ = {isa = PBXBuildFile; fileRef = 80FBB8F622C134DE00184B7B /* LaunchScreen.storyboard */; };
/* End PBXBuildFile section */

/* Begin PBXFileReference section */
		80FBB8E822C134D900184B7B /* XcodePreviews.app */ = {isa = PBXFileReference; explicitFileType = wrapper.application; includeInIndex = 0; path = XcodePreviews.app; sourceTree = BUILT_PRODUCTS_DIR; };
		80FBB8EB22C134D900184B7B /* AppDelegate.swift */ = {isa = PBXFileReference; lastKnownFileType = sourcecode.swift; path = AppDelegate.swift; sourceTree = "<group>"; };
		80FBB8ED22C134D900184B7B /* SceneDelegate.swift */ = {isa = PBXFileReference; lastKnownFileType = sourcecode.swift; path = SceneDelegate.swift; sourceTree = "<group>"; };
		80FBB8EF22C134D900184B7B /* ContentView.swift */ = {isa = PBXFileReference; lastKnownFileType = sourcecode.swift; path = ContentView.swift; sourceTree = "<group>"; };
		80FBB8F122C134DE00184B7B /* Assets.xcassets */ = {isa = PBXFileReference; lastKnownFileType = folder.assetcatalog; path = Assets.xcassets; sourceTree = "<group>"; };
		80FBB8F422C134DE00184B7B /* Preview Assets.xcassets */ = {isa = PBXFileReference; lastKnownFileType = folder.assetcatalog; path = "Preview Assets.xcassets"; sourceTree = "<group>"; };
		80FBB8F722C134DE00184B7B /* Base */ = {isa = PBXFileReference; lastKnownFileType = file.storyboard; name = Base; path = Base.lproj/LaunchScreen.storyboard; sourceTree = "<group>"; };
		80FBB8F922C134DE00184B7B /* Info.plist */ = {isa = PBXFileReference; lastKnownFileType = text.plist.xml; path = Info.plist; sourceTree = "<group>"; };
/* End PBXFileReference section */

/* Begin PBXFrameworksBuildPhase section */
		80FBB8E522C134D900184B7B /* Frameworks */ = {
			isa = PBXFrameworksBuildPhase;
			buildActionMask = 2147483647;
			files = (
			);
			runOnlyForDeploymentPostprocessing = 0;
		};
/* End PBXFrameworksBuildPhase section */

/* Begin PBXGroup section */
		80FBB8DF22C134D900184B7B = {
			isa = PBXGroup;
			children = (
				80FBB8EA22C134D900184B7B /* XcodePreviews */,
				80FBB8E922C134D900184B7B /* Products */,
			);
			sourceTree = "<group>";
		};
		80FBB8E922C134D900184B7B /* Products */ = {
			isa = PBXGroup;
			children = (
				80FBB8E822C134D900184B7B /* XcodePreviews.app */,
			);
			name = Products;
			sourceTree = "<group>";
		};
		80FBB8EA22C134D900184B7B /* XcodePreviews */ = {
			isa = PBXGroup;
			children = (
				80FBB8EB22C134D900184B7B /* AppDelegate.swift */,
				80FBB8ED22C134D900184B7B /* SceneDelegate.swift */,
				80FBB8EF22C134D900184B7B /* ContentView.swift */,
				80FBB8F122C134DE00184B7B /* Assets.xcassets */,
				80FBB8F622C134DE00184B7B /* LaunchScreen.storyboard */,
				80FBB8F922C134DE00184B7B /* Info.plist */,
				80FBB8F322C134DE00184B7B /* Preview Content */,
			);
			path = XcodePreviews;
			sourceTree = "<group>";
		};
		80FBB8F322C134DE00184B7B /* Preview Content */ = {
			isa = PBXGroup;
			children = (
				80FBB8F422C134DE00184B7B /* Preview Assets.xcassets */,
			);
			path = "Preview Content";
			sourceTree = "<group>";
		};
/* End PBXGroup section */

/* Begin PBXNativeTarget section */
		80FBB8E722C134D900184B7B /* XcodePreviews */ = {
			isa = PBXNativeTarget;
			buildConfigurationList = 80FBB8FC22C134DE00184B7B /* Build configuration list for PBXNativeTarget "XcodePreviews" */;
			buildPhases = (
				80FBB8E422C134D900184B7B /* Sources */,
				80FBB8E522C134D900184B7B /* Frameworks */,
				80FBB8E622C134D900184B7B /* Resources */,
			);
			buildRules = (
			);
			dependencies = (
			);
			name = XcodePreviews;
			productName = XcodePreviews;
			productReference = 80FBB8E822C134D900184B7B /* XcodePreviews.app */;
			productType = "com.apple.product-type.application";
		};
/* End PBXNativeTarget section */

/* Begin PBXProject section */
		80FBB8E022C134D900184B7B /* Project object */ = {
			isa = PBXProject;
			attributes = {
				LastSwiftUpdateCheck = 1100;
				LastUpgradeCheck = 1100;
				ORGANIZATIONNAME = "Antonakakis Nikolaos";
				TargetAttributes = {
					80FBB8E722C134D900184B7B = {
						CreatedOnToolsVersion = 11.0;
					};
				};
			};
			buildConfigurationList = 80FBB8E322C134D900184B7B /* Build configuration list for PBXProject "XcodePreviews" */;
			compatibilityVersion = "Xcode 9.3";
			developmentRegion = en;
			hasScannedForEncodings = 0;
			knownRegions = (
				en,
				Base,
			);
			mainGroup = 80FBB8DF22C134D900184B7B;
			productRefGroup = 80FBB8E922C134D900184B7B /* Products */;
			projectDirPath = "";
			projectRoot = "";
			targets = (
				80FBB8E722C134D900184B7B /* XcodePreviews */,
			);
		};
/* End PBXProject section */

/* Begin PBXResourcesBuildPhase section */
		80FBB8E622C134D900184B7B /* Resources */ = {
			isa = PBXResourcesBuildPhase;
			buildActionMask = 2147483647;
			files = (
				80FBB8F822C134DE00184B7B /* LaunchScreen.storyboard in Resources */,
				80FBB8F522C134DE00184B7B /* Preview Assets.xcassets in Resources */,
				80FBB8F222C134DE00184B7B /* Assets.xcassets in Resources */,
			);
			runOnlyForDeploymentPostprocessing = 0;
		};
/* End PBXResourcesBuildPhase section */

/* Begin PBXSourcesBuildPhase section */
		80FBB8E422C134D900184B7B /* Sources */ = {
			isa = PBXSourcesBuildPhase;
			buildActionMask = 2147483647;
			files = (
				80FBB8EC22C134D900184B7B /* AppDelegate.swift in Sources */,
				80FBB8EE22C134D900184B7B /* SceneDelegate.swift in Sources */,
				80FBB8F022C134D900184B7B /* ContentView.swift in Sources */,
			);
			runOnlyForDeploymentPostprocessing = 0;
		};
/* End PBXSourcesBuildPhase section */

/* Begin PBXVariantGroup section */
		80FBB8F622C134DE00184B7B /* LaunchScreen.storyboard */ = {
			isa = PBXVariantGroup;
			children = (
				80FBB8F722C134DE00184B7B /* Base */,
			);
			name = LaunchScreen.storyboard;
			sourceTree = "<group>";
		};
/* End PBXVariantGroup section */

/* Begin XCBuildConfiguration section */
		80FBB8FA22C134DE00184B7B /* Debug */ = {
			isa = XCBuildConfiguration;
			buildSettings = {
				ALWAYS_SEARCH_USER_PATHS = NO;
				CLANG_ANALYZER_NONNULL = YES;
				CLANG_ANALYZER_NUMBER_OBJECT_CONVERSION = YES_AGGRESSIVE;
				CLANG_CXX_LANGUAGE_STANDARD = "gnu++14";
				CLANG_CXX_LIBRARY = "libc++";
				CLANG_ENABLE_MODULES = YES;
				CLANG_ENABLE_OBJC_ARC = YES;
				CLANG_ENABLE_OBJC_WEAK = YES;
				CLANG_WARN_BLOCK_CAPTURE_AUTORELEASING = YES;
				CLANG_WARN_BOOL_CONVERSION = YES;
				CLANG_WARN_COMMA = YES;
				CLANG_WARN_CONSTANT_CONVERSION = YES;
				CLANG_WARN_DEPRECATED_OBJC_IMPLEMENTATIONS = YES;
				CLANG_WARN_DIRECT_OBJC_ISA_USAGE = YES_ERROR;
				CLANG_WARN_DOCUMENTATION_COMMENTS = YES;
				CLANG_WARN_EMPTY_BODY = YES;
				CLANG_WARN_ENUM_CONVERSION = YES;
				CLANG_WARN_INFINITE_RECURSION = YES;
				CLANG_WARN_INT_CONVERSION = YES;
				CLANG_WARN_NON_LITERAL_NULL_CONVERSION = YES;
				CLANG_WARN_OBJC_IMPLICIT_RETAIN_SELF = YES;
				CLANG_WARN_OBJC_LITERAL_CONVERSION = YES;
				CLANG_WARN_OBJC_ROOT_CLASS = YES_ERROR;
				CLANG_WARN_RANGE_LOOP_ANALYSIS = YES;
				CLANG_WARN_STRICT_PROTOTYPES = YES;
				CLANG_WARN_SUSPICIOUS_MOVE = YES;
				CLANG_WARN_UNGUARDED_AVAILABILITY = YES_AGGRESSIVE;
				CLANG_WARN_UNREACHABLE_CODE = YES;
				CLANG_WARN__DUPLICATE_METHOD_MATCH = YES;
				COPY_PHASE_STRIP = NO;
				DEBUG_INFORMATION_FORMAT = dwarf;
				ENABLE_STRICT_OBJC_MSGSEND = YES;
				ENABLE_TESTABILITY = YES;
				GCC_C_LANGUAGE_STANDARD = gnu11;
				GCC_DYNAMIC_NO_PIC = NO;
				GCC_NO_COMMON_BLOCKS = YES;
				GCC_OPTIMIZATION_LEVEL = 0;
				GCC_PREPROCESSOR_DEFINITIONS = (
					"DEBUG=1",
					"$(inherited)",
				);
				GCC_WARN_64_TO_32_BIT_CONVERSION = YES;
				GCC_WARN_ABOUT_RETURN_TYPE = YES_ERROR;
				GCC_WARN_UNDECLARED_SELECTOR = YES;
				GCC_WARN_UNINITIALIZED_AUTOS = YES_AGGRESSIVE;
				GCC_WARN_UNUSED_FUNCTION = YES;
				GCC_WARN_UNUSED_VARIABLE = YES;
				IPHONEOS_DEPLOYMENT_TARGET = 13.0;
				MTL_ENABLE_DEBUG_INFO = INCLUDE_SOURCE;
				MTL_FAST_MATH = YES;
				ONLY_ACTIVE_ARCH = YES;
				SDKROOT = iphoneos;
				SWIFT_ACTIVE_COMPILATION_CONDITIONS = DEBUG;
				SWIFT_OPTIMIZATION_LEVEL = "-Onone";
			};
			name = Debug;
		};
		80FBB8FB22C134DE00184B7B /* Release */ = {
			isa = XCBuildConfiguration;
			buildSettings = {
				ALWAYS_SEARCH_USER_PATHS = NO;
				CLANG_ANALYZER_NONNULL = YES;
				CLANG_ANALYZER_NUMBER_OBJECT_CONVERSION = YES_AGGRESSIVE;
				CLANG_CXX_LANGUAGE_STANDARD = "gnu++14";
				CLANG_CXX_LIBRARY = "libc++";
				CLANG_ENABLE_MODULES = YES;
				CLANG_ENABLE_OBJC_ARC = YES;
				CLANG_ENABLE_OBJC_WEAK = YES;
				CLANG_WARN_BLOCK_CAPTURE_AUTORELEASING = YES;
				CLANG_WARN_BOOL_CONVERSION = YES;
				CLANG_WARN_COMMA = YES;
				CLANG_WARN_CONSTANT_CONVERSION = YES;
				CLANG_WARN_DEPRECATED_OBJC_IMPLEMENTATIONS = YES;
				CLANG_WARN_DIRECT_OBJC_ISA_USAGE = YES_ERROR;
				CLANG_WARN_DOCUMENTATION_COMMENTS = YES;
				CLANG_WARN_EMPTY_BODY = YES;
				CLANG_WARN_ENUM_CONVERSION = YES;
				CLANG_WARN_INFINITE_RECURSION = YES;
				CLANG_WARN_INT_CONVERSION = YES;
				CLANG_WARN_NON_LITERAL_NULL_CONVERSION = YES;
				CLANG_WARN_OBJC_IMPLICIT_RETAIN_SELF = YES;
				CLANG_WARN_OBJC_LITERAL_CONVERSION = YES;
				CLANG_WARN_OBJC_ROOT_CLASS = YES_ERROR;
				CLANG_WARN_RANGE_LOOP_ANALYSIS = YES;
				CLANG_WARN_STRICT_PROTOTYPES = YES;
				CLANG_WARN_SUSPICIOUS_MOVE = YES;
				CLANG_WARN_UNGUARDED_AVAILABILITY = YES_AGGRESSIVE;
				CLANG_WARN_UNREACHABLE_CODE = YES;
				CLANG_WARN__DUPLICATE_METHOD_MATCH = YES;
				COPY_PHASE_STRIP = NO;
				DEBUG_INFORMATION_FORMAT = "dwarf-with-dsym";
				ENABLE_NS_ASSERTIONS = NO;
				ENABLE_STRICT_OBJC_MSGSEND = YES;
				GCC_C_LANGUAGE_STANDARD = gnu11;
				GCC_NO_COMMON_BLOCKS = YES;
				GCC_WARN_64_TO_32_BIT_CONVERSION = YES;
				GCC_WARN_ABOUT_RETURN_TYPE = YES_ERROR;
				GCC_WARN_UNDECLARED_SELECTOR = YES;
				GCC_WARN_UNINITIALIZED_AUTOS = YES_AGGRESSIVE;
				GCC_WARN_UNUSED_FUNCTION = YES;
				GCC_WARN_UNUSED_VARIABLE = YES;
				IPHONEOS_DEPLOYMENT_TARGET = 13.0;
				MTL_ENABLE_DEBUG_INFO = NO;
				MTL_FAST_MATH = YES;
				SDKROOT = iphoneos;
				SWIFT_COMPILATION_MODE = wholemodule;
				SWIFT_OPTIMIZATION_LEVEL = "-O";
				VALIDATE_PRODUCT = YES;
			};
			name = Release;
		};
		80FBB8FD22C134DE00184B7B /* Debug */ = {
			isa = XCBuildConfiguration;
			buildSettings = {
				ASSETCATALOG_COMPILER_APPICON_NAME = AppIcon;
				CODE_SIGN_STYLE = Automatic;
				DEVELOPMENT_ASSET_PATHS = "XcodePreviews/Preview\\ Content";
				DEVELOPMENT_TEAM = DL942A8RW4;
				ENABLE_PREVIEWS = YES;
				INFOPLIST_FILE = XcodePreviews/Info.plist;
				LD_RUNPATH_SEARCH_PATHS = (
					"$(inherited)",
					"@executable_path/Frameworks",
				);
				PRODUCT_BUNDLE_IDENTIFIER = com.antonakakis.XcodePreviews;
				PRODUCT_NAME = "$(TARGET_NAME)";
				SWIFT_VERSION = 5.0;
				TARGETED_DEVICE_FAMILY = "1,2";
			};
			name = Debug;
		};
		80FBB8FE22C134DE00184B7B /* Release */ = {
			isa = XCBuildConfiguration;
			buildSettings = {
				ASSETCATALOG_COMPILER_APPICON_NAME = AppIcon;
				CODE_SIGN_STYLE = Automatic;
				DEVELOPMENT_ASSET_PATHS = "XcodePreviews/Preview\\ Content";
				DEVELOPMENT_TEAM = DL942A8RW4;
				ENABLE_PREVIEWS = YES;
				INFOPLIST_FILE = XcodePreviews/Info.plist;
				LD_RUNPATH_SEARCH_PATHS = (
					"$(inherited)",
					"@executable_path/Frameworks",
				);
				PRODUCT_BUNDLE_IDENTIFIER = com.antonakakis.XcodePreviews;
				PRODUCT_NAME = "$(TARGET_NAME)";
				SWIFT_VERSION = 5.0;
				TARGETED_DEVICE_FAMILY = "1,2";
			};
			name = Release;
		};
/* End XCBuildConfiguration section */

/* Begin XCConfigurationList section */
		80FBB8E322C134D900184B7B /* Build configuration list for PBXProject "XcodePreviews" */ = {
			isa = XCConfigurationList;
			buildConfigurations = (
				80FBB8FA22C134DE00184B7B /* Debug */,
				80FBB8FB22C134DE00184B7B /* Release */,
			);
			defaultConfigurationIsVisible = 0;
			defaultConfigurationName = Release;
		};
		80FBB8FC22C134DE00184B7B /* Build configuration list for PBXNativeTarget "XcodePreviews" */ = {
			isa = XCConfigurationList;
			buildConfigurations = (
				80FBB8FD22C134DE00184B7B /* Debug */,
				80FBB8FE22C134DE00184B7B /* Release */,
			);
			defaultConfigurationIsVisible = 0;
			defaultConfigurationName = Release;
		};
/* End XCConfigurationList section */
	};
	rootObject = 80FBB8E022C134D900184B7B /* Project object */;
}
